# Code generated by scarb DO NOT EDIT.
version = 1

[[package]]
name = "alexandria_math"
version = "0.2.1"
source = "git+https://github.com/keep-starknet-strange/alexandria.git#95d98a5182001d07673b856a356eff0e6bd05354"

[[package]]
name = "bytebeasts"
version = "0.1.0"
dependencies = [
 "alexandria_math",
 "dojo",
]

[[package]]
name = "dojo"
version = "1.0.0-alpha.4"
source = "git+https://github.com/dojoengine/dojo?tag=v1.0.0-alpha.5#6878242e120d3135d3bc1bb94135d7135693069b"
dependencies = [
 "dojo_plugin",
]

[[package]]
name = "dojo_plugin"
version = "1.0.0-alpha.4"
source = "git+https://github.com/dojoengine/dojo?rev=f15def33#f15def330c0d099e79351d11c197f63e8cc1ff36"
