# Code generated by scarb DO NOT EDIT.
version = 1

[[package]]
name = "alexandria_data_structures"
version = "0.2.0"
source = "git+https://github.com/keep-starknet-strange/alexandria.git?tag=cairo-v2.6.0#946e6e2f9d390ad9f345882a352c0dd6f02ef3ad"
dependencies = [
 "alexandria_encoding",
]

[[package]]
name = "alexandria_encoding"
version = "0.1.0"
source = "git+https://github.com/keep-starknet-strange/alexandria.git?tag=cairo-v2.6.0#946e6e2f9d390ad9f345882a352c0dd6f02ef3ad"
dependencies = [
 "alexandria_math",
 "alexandria_numeric",
]

[[package]]
name = "alexandria_math"
version = "0.2.0"
source = "git+https://github.com/keep-starknet-strange/alexandria.git?tag=cairo-v2.6.0#946e6e2f9d390ad9f345882a352c0dd6f02ef3ad"
dependencies = [
 "alexandria_data_structures",
]

[[package]]
name = "alexandria_numeric"
version = "0.1.0"
source = "git+https://github.com/keep-starknet-strange/alexandria.git?tag=cairo-v2.6.0#946e6e2f9d390ad9f345882a352c0dd6f02ef3ad"
dependencies = [
 "alexandria_math",
]

[[package]]
name = "alexandria_sorting"
version = "0.1.0"
source = "git+https://github.com/keep-starknet-strange/alexandria.git?tag=cairo-v2.6.0#946e6e2f9d390ad9f345882a352c0dd6f02ef3ad"
dependencies = [
 "alexandria_data_structures",
]

[[package]]
name = "bytebeasts"
version = "0.1.0"
dependencies = [
 "alexandria_sorting",
 "dojo",
]

[[package]]
name = "dojo"
version = "1.0.0-alpha.4"
source = "git+https://github.com/dojoengine/dojo?tag=v1.0.0-alpha.5#6878242e120d3135d3bc1bb94135d7135693069b"
dependencies = [
 "dojo_plugin",
]

[[package]]
name = "dojo_plugin"
version = "1.0.0-alpha.4"
source = "git+https://github.com/dojoengine/dojo?rev=f15def33#f15def330c0d099e79351d11c197f63e8cc1ff36"
